
Microsoft Visual Studio Solution File, Format Version 12.00
# Visual Studio 15
VisualStudioVersion = 15.0.28010.2026
MinimumVisualStudioVersion = 10.0.40219.1
Project("{FAE04EC0-301F-11D3-BF4B-00C04F79EFBC}") = "200389547", "200389547\200389547.csproj", "{AA036D05-2541-433D-AAA3-A17025BC6959}"
EndProject
Global
	GlobalSection(SolutionConfigurationPlatforms) = preSolution
		Debug|Any CPU = Debug|Any CPU
		Release|Any CPU = Release|Any CPU
	EndGlobalSection
	GlobalSection(ProjectConfigurationPlatforms) = postSolution
		{AA036D05-2541-433D-AAA3-A17025BC6959}.Debug|Any CPU.ActiveCfg = Debug|Any CPU
		{AA036D05-2541-433D-AAA3-A17025BC6959}.Debug|Any CPU.Build.0 = Debug|Any CPU
		{AA036D05-2541-433D-AAA3-A17025BC6959}.Release|Any CPU.ActiveCfg = Release|Any CPU
		{AA036D05-2541-433D-AAA3-A17025BC6959}.Release|Any CPU.Build.0 = Release|Any CPU
	EndGlobalSection
	GlobalSection(SolutionProperties) = preSolution
		HideSolutionNode = FALSE
	EndGlobalSection
	GlobalSection(ExtensibilityGlobals) = postSolution
		SolutionGuid = {2A44C1D8-C082-477C-8C7F-B47037FB06DB}
	EndGlobalSection
EndGlobal
